// !$*UTF8*$!
{
	archiveVersion = 1;
	classes = {
	};
	objectVersion = 50;
	objects = {

/* Begin PBXBuildFile section */
		CDF09C6822914D8600BD7B10 /* NavigationAppsManager.framework in Frameworks */ = {isa = PBXBuildFile; fileRef = CDF09C5E22914D8600BD7B10 /* NavigationAppsManager.framework */; };
		CDF09C6F22914D8600BD7B10 /* NavigationAppsManager.h in Headers */ = {isa = PBXBuildFile; fileRef = CDF09C6122914D8600BD7B10 /* NavigationAppsManager.h */; settings = {ATTRIBUTES = (Public, ); }; };
		CDF09C7A22914E5600BD7B10 /* NavigationMapsManager.swift in Sources */ = {isa = PBXBuildFile; fileRef = CDF09C7822914E5500BD7B10 /* NavigationMapsManager.swift */; };
		CDF09C7B22914E5600BD7B10 /* NavigationMapsManagerProvider.swift in Sources */ = {isa = PBXBuildFile; fileRef = CDF09C7922914E5600BD7B10 /* NavigationMapsManagerProvider.swift */; };
		CDF09C962291590F00BD7B10 /* NavigationAppEnum.swift in Sources */ = {isa = PBXBuildFile; fileRef = CDF09C952291590F00BD7B10 /* NavigationAppEnum.swift */; };
		CDF09C99229166BF00BD7B10 /* Presentable.swift in Sources */ = {isa = PBXBuildFile; fileRef = CDF09C98229166BF00BD7B10 /* Presentable.swift */; };
		CDF09C9B229166D700BD7B10 /* CanOpenURL.swift in Sources */ = {isa = PBXBuildFile; fileRef = CDF09C9A229166D700BD7B10 /* CanOpenURL.swift */; };
		CDF09C9D229166F000BD7B10 /* NavigationsOptionsShower.swift in Sources */ = {isa = PBXBuildFile; fileRef = CDF09C9C229166F000BD7B10 /* NavigationsOptionsShower.swift */; };
		CDF09C9F2291670600BD7B10 /* CanOpenNavigationApps.swift in Sources */ = {isa = PBXBuildFile; fileRef = CDF09C9E2291670600BD7B10 /* CanOpenNavigationApps.swift */; };
		CDF09CA12291672A00BD7B10 /* LocationCoordinates.swift in Sources */ = {isa = PBXBuildFile; fileRef = CDF09CA02291672A00BD7B10 /* LocationCoordinates.swift */; };
		CDF09CA42291688D00BD7B10 /* MockPresentMethodViewController.swift in Sources */ = {isa = PBXBuildFile; fileRef = CDF09CA32291688D00BD7B10 /* MockPresentMethodViewController.swift */; };
		CDF09CA6229168EE00BD7B10 /* CanOpenNavigationAppsTests.swift in Sources */ = {isa = PBXBuildFile; fileRef = CDF09CA5229168EE00BD7B10 /* CanOpenNavigationAppsTests.swift */; };
		CDF09CA9229169D500BD7B10 /* CoreLocationStubs.swift in Sources */ = {isa = PBXBuildFile; fileRef = CDF09CA8229169D500BD7B10 /* CoreLocationStubs.swift */; };
		CDF09CAB22916C3000BD7B10 /* MockCanOpenAllURL.swift in Sources */ = {isa = PBXBuildFile; fileRef = CDF09CAA22916C3000BD7B10 /* MockCanOpenAllURL.swift */; };
		CDF09CAD2291704F00BD7B10 /* MockCanOpenNoURL.swift in Sources */ = {isa = PBXBuildFile; fileRef = CDF09CAC2291704F00BD7B10 /* MockCanOpenNoURL.swift */; };
		CDF09CB2229173A200BD7B10 /* OpenSpecificAppTests.swift in Sources */ = {isa = PBXBuildFile; fileRef = CDF09CB1229173A200BD7B10 /* OpenSpecificAppTests.swift */; };
/* End PBXBuildFile section */

/* Begin PBXContainerItemProxy section */
		CDF09C6922914D8600BD7B10 /* PBXContainerItemProxy */ = {
			isa = PBXContainerItemProxy;
			containerPortal = CDF09C5522914D8600BD7B10 /* Project object */;
			proxyType = 1;
			remoteGlobalIDString = CDF09C5D22914D8600BD7B10;
			remoteInfo = NavigationAppsManager;
		};
/* End PBXContainerItemProxy section */

/* Begin PBXFileReference section */
		CDF09C5E22914D8600BD7B10 /* NavigationAppsManager.framework */ = {isa = PBXFileReference; explicitFileType = wrapper.framework; includeInIndex = 0; path = NavigationAppsManager.framework; sourceTree = BUILT_PRODUCTS_DIR; };
		CDF09C6122914D8600BD7B10 /* NavigationAppsManager.h */ = {isa = PBXFileReference; lastKnownFileType = sourcecode.c.h; path = NavigationAppsManager.h; sourceTree = "<group>"; };
		CDF09C6222914D8600BD7B10 /* Info.plist */ = {isa = PBXFileReference; lastKnownFileType = text.plist.xml; path = Info.plist; sourceTree = "<group>"; };
		CDF09C6722914D8600BD7B10 /* NavigationAppsManagerTests.xctest */ = {isa = PBXFileReference; explicitFileType = wrapper.cfbundle; includeInIndex = 0; path = NavigationAppsManagerTests.xctest; sourceTree = BUILT_PRODUCTS_DIR; };
		CDF09C6E22914D8600BD7B10 /* Info.plist */ = {isa = PBXFileReference; lastKnownFileType = text.plist.xml; path = Info.plist; sourceTree = "<group>"; };
		CDF09C7822914E5500BD7B10 /* NavigationMapsManager.swift */ = {isa = PBXFileReference; fileEncoding = 4; lastKnownFileType = sourcecode.swift; path = NavigationMapsManager.swift; sourceTree = "<group>"; };
		CDF09C7922914E5600BD7B10 /* NavigationMapsManagerProvider.swift */ = {isa = PBXFileReference; fileEncoding = 4; lastKnownFileType = sourcecode.swift; path = NavigationMapsManagerProvider.swift; sourceTree = "<group>"; };
		CDF09C952291590F00BD7B10 /* NavigationAppEnum.swift */ = {isa = PBXFileReference; lastKnownFileType = sourcecode.swift; path = NavigationAppEnum.swift; sourceTree = "<group>"; };
		CDF09C98229166BF00BD7B10 /* Presentable.swift */ = {isa = PBXFileReference; lastKnownFileType = sourcecode.swift; path = Presentable.swift; sourceTree = "<group>"; };
		CDF09C9A229166D700BD7B10 /* CanOpenURL.swift */ = {isa = PBXFileReference; lastKnownFileType = sourcecode.swift; path = CanOpenURL.swift; sourceTree = "<group>"; };
		CDF09C9C229166F000BD7B10 /* NavigationsOptionsShower.swift */ = {isa = PBXFileReference; lastKnownFileType = sourcecode.swift; path = NavigationsOptionsShower.swift; sourceTree = "<group>"; };
		CDF09C9E2291670600BD7B10 /* CanOpenNavigationApps.swift */ = {isa = PBXFileReference; lastKnownFileType = sourcecode.swift; path = CanOpenNavigationApps.swift; sourceTree = "<group>"; };
		CDF09CA02291672A00BD7B10 /* LocationCoordinates.swift */ = {isa = PBXFileReference; lastKnownFileType = sourcecode.swift; path = LocationCoordinates.swift; sourceTree = "<group>"; };
		CDF09CA32291688D00BD7B10 /* MockPresentMethodViewController.swift */ = {isa = PBXFileReference; lastKnownFileType = sourcecode.swift; path = MockPresentMethodViewController.swift; sourceTree = "<group>"; };
		CDF09CA5229168EE00BD7B10 /* CanOpenNavigationAppsTests.swift */ = {isa = PBXFileReference; lastKnownFileType = sourcecode.swift; path = CanOpenNavigationAppsTests.swift; sourceTree = "<group>"; };
		CDF09CA8229169D500BD7B10 /* CoreLocationStubs.swift */ = {isa = PBXFileReference; lastKnownFileType = sourcecode.swift; path = CoreLocationStubs.swift; sourceTree = "<group>"; };
		CDF09CAA22916C3000BD7B10 /* MockCanOpenAllURL.swift */ = {isa = PBXFileReference; lastKnownFileType = sourcecode.swift; path = MockCanOpenAllURL.swift; sourceTree = "<group>"; };
		CDF09CAC2291704F00BD7B10 /* MockCanOpenNoURL.swift */ = {isa = PBXFileReference; lastKnownFileType = sourcecode.swift; path = MockCanOpenNoURL.swift; sourceTree = "<group>"; };
		CDF09CB1229173A200BD7B10 /* OpenSpecificAppTests.swift */ = {isa = PBXFileReference; lastKnownFileType = sourcecode.swift; path = OpenSpecificAppTests.swift; sourceTree = "<group>"; };
/* End PBXFileReference section */

/* Begin PBXFrameworksBuildPhase section */
		CDF09C5B22914D8600BD7B10 /* Frameworks */ = {
			isa = PBXFrameworksBuildPhase;
			buildActionMask = 2147483647;
			files = (
			);
			runOnlyForDeploymentPostprocessing = 0;
		};
		CDF09C6422914D8600BD7B10 /* Frameworks */ = {
			isa = PBXFrameworksBuildPhase;
			buildActionMask = 2147483647;
			files = (
				CDF09C6822914D8600BD7B10 /* NavigationAppsManager.framework in Frameworks */,
			);
			runOnlyForDeploymentPostprocessing = 0;
		};
/* End PBXFrameworksBuildPhase section */

/* Begin PBXGroup section */
		CDF09C5422914D8600BD7B10 = {
			isa = PBXGroup;
			children = (
				CDF09C6022914D8600BD7B10 /* NavigationAppsManager */,
				CDF09C6B22914D8600BD7B10 /* NavigationAppsManagerTests */,
				CDF09C5F22914D8600BD7B10 /* Products */,
			);
			sourceTree = "<group>";
		};
		CDF09C5F22914D8600BD7B10 /* Products */ = {
			isa = PBXGroup;
			children = (
				CDF09C5E22914D8600BD7B10 /* NavigationAppsManager.framework */,
				CDF09C6722914D8600BD7B10 /* NavigationAppsManagerTests.xctest */,
			);
			name = Products;
			sourceTree = "<group>";
		};
		CDF09C6022914D8600BD7B10 /* NavigationAppsManager */ = {
			isa = PBXGroup;
			children = (
				CDF09C97229166A900BD7B10 /* Protocols */,
				CDF09C7822914E5500BD7B10 /* NavigationMapsManager.swift */,
				CDF09C7922914E5600BD7B10 /* NavigationMapsManagerProvider.swift */,
				CDF09C6122914D8600BD7B10 /* NavigationAppsManager.h */,
				CDF09C6222914D8600BD7B10 /* Info.plist */,
				CDF09C952291590F00BD7B10 /* NavigationAppEnum.swift */,
			);
			path = NavigationAppsManager;
			sourceTree = "<group>";
		};
		CDF09C6B22914D8600BD7B10 /* NavigationAppsManagerTests */ = {
			isa = PBXGroup;
			children = (
				CDF09CA7229169C500BD7B10 /* Stubs */,
				CDF09CA22291684C00BD7B10 /* Mocks */,
				CDF09CA5229168EE00BD7B10 /* CanOpenNavigationAppsTests.swift */,
				CDF09CB1229173A200BD7B10 /* OpenSpecificAppTests.swift */,
				CDF09C6E22914D8600BD7B10 /* Info.plist */,
			);
			path = NavigationAppsManagerTests;
			sourceTree = "<group>";
		};
		CDF09C97229166A900BD7B10 /* Protocols */ = {
			isa = PBXGroup;
			children = (
				CDF09C98229166BF00BD7B10 /* Presentable.swift */,
				CDF09C9A229166D700BD7B10 /* CanOpenURL.swift */,
				CDF09C9C229166F000BD7B10 /* NavigationsOptionsShower.swift */,
				CDF09C9E2291670600BD7B10 /* CanOpenNavigationApps.swift */,
				CDF09CA02291672A00BD7B10 /* LocationCoordinates.swift */,
			);
			path = Protocols;
			sourceTree = "<group>";
		};
		CDF09CA22291684C00BD7B10 /* Mocks */ = {
			isa = PBXGroup;
			children = (
				CDF09CA32291688D00BD7B10 /* MockPresentMethodViewController.swift */,
				CDF09CAE2291708D00BD7B10 /* CanOpenURL */,
			);
			path = Mocks;
			sourceTree = "<group>";
		};
		CDF09CA7229169C500BD7B10 /* Stubs */ = {
			isa = PBXGroup;
			children = (
				CDF09CA8229169D500BD7B10 /* CoreLocationStubs.swift */,
			);
			path = Stubs;
			sourceTree = "<group>";
		};
		CDF09CAE2291708D00BD7B10 /* CanOpenURL */ = {
			isa = PBXGroup;
			children = (
				CDF09CAA22916C3000BD7B10 /* MockCanOpenAllURL.swift */,
				CDF09CAC2291704F00BD7B10 /* MockCanOpenNoURL.swift */,
			);
			path = CanOpenURL;
			sourceTree = "<group>";
		};
/* End PBXGroup section */

/* Begin PBXHeadersBuildPhase section */
		CDF09C5922914D8600BD7B10 /* Headers */ = {
			isa = PBXHeadersBuildPhase;
			buildActionMask = 2147483647;
			files = (
				CDF09C6F22914D8600BD7B10 /* NavigationAppsManager.h in Headers */,
			);
			runOnlyForDeploymentPostprocessing = 0;
		};
/* End PBXHeadersBuildPhase section */

/* Begin PBXNativeTarget section */
		CDF09C5D22914D8600BD7B10 /* NavigationAppsManager */ = {
			isa = PBXNativeTarget;
			buildConfigurationList = CDF09C7222914D8600BD7B10 /* Build configuration list for PBXNativeTarget "NavigationAppsManager" */;
			buildPhases = (
				CDF09C5922914D8600BD7B10 /* Headers */,
				CDF09C5A22914D8600BD7B10 /* Sources */,
				CDF09C5B22914D8600BD7B10 /* Frameworks */,
				CDF09C5C22914D8600BD7B10 /* Resources */,
			);
			buildRules = (
			);
			dependencies = (
			);
			name = NavigationAppsManager;
			productName = NavigationAppsManager;
			productReference = CDF09C5E22914D8600BD7B10 /* NavigationAppsManager.framework */;
			productType = "com.apple.product-type.framework";
		};
		CDF09C6622914D8600BD7B10 /* NavigationAppsManagerTests */ = {
			isa = PBXNativeTarget;
			buildConfigurationList = CDF09C7522914D8600BD7B10 /* Build configuration list for PBXNativeTarget "NavigationAppsManagerTests" */;
			buildPhases = (
				CDF09C6322914D8600BD7B10 /* Sources */,
				CDF09C6422914D8600BD7B10 /* Frameworks */,
				CDF09C6522914D8600BD7B10 /* Resources */,
			);
			buildRules = (
			);
			dependencies = (
				CDF09C6A22914D8600BD7B10 /* PBXTargetDependency */,
			);
			name = NavigationAppsManagerTests;
			productName = NavigationAppsManagerTests;
			productReference = CDF09C6722914D8600BD7B10 /* NavigationAppsManagerTests.xctest */;
			productType = "com.apple.product-type.bundle.unit-test";
		};
/* End PBXNativeTarget section */

/* Begin PBXProject section */
		CDF09C5522914D8600BD7B10 /* Project object */ = {
			isa = PBXProject;
			attributes = {
				LastSwiftUpdateCheck = 1020;
				LastUpgradeCheck = 1020;
				ORGANIZATIONNAME = "Angel Antonov";
				TargetAttributes = {
					CDF09C5D22914D8600BD7B10 = {
						CreatedOnToolsVersion = 10.2;
						LastSwiftMigration = 1020;
					};
					CDF09C6622914D8600BD7B10 = {
						CreatedOnToolsVersion = 10.2;
					};
				};
			};
			buildConfigurationList = CDF09C5822914D8600BD7B10 /* Build configuration list for PBXProject "NavigationAppsManager" */;
			compatibilityVersion = "Xcode 9.3";
			developmentRegion = en;
			hasScannedForEncodings = 0;
			knownRegions = (
				en,
			);
			mainGroup = CDF09C5422914D8600BD7B10;
			productRefGroup = CDF09C5F22914D8600BD7B10 /* Products */;
			projectDirPath = "";
			projectRoot = "";
			targets = (
				CDF09C5D22914D8600BD7B10 /* NavigationAppsManager */,
				CDF09C6622914D8600BD7B10 /* NavigationAppsManagerTests */,
			);
		};
/* End PBXProject section */

/* Begin PBXResourcesBuildPhase section */
		CDF09C5C22914D8600BD7B10 /* Resources */ = {
			isa = PBXResourcesBuildPhase;
			buildActionMask = 2147483647;
			files = (
			);
			runOnlyForDeploymentPostprocessing = 0;
		};
		CDF09C6522914D8600BD7B10 /* Resources */ = {
			isa = PBXResourcesBuildPhase;
			buildActionMask = 2147483647;
			files = (
			);
			runOnlyForDeploymentPostprocessing = 0;
		};
/* End PBXResourcesBuildPhase section */

/* Begin PBXSourcesBuildPhase section */
		CDF09C5A22914D8600BD7B10 /* Sources */ = {
			isa = PBXSourcesBuildPhase;
			buildActionMask = 2147483647;
			files = (
				CDF09CA12291672A00BD7B10 /* LocationCoordinates.swift in Sources */,
				CDF09C9D229166F000BD7B10 /* NavigationsOptionsShower.swift in Sources */,
				CDF09C9B229166D700BD7B10 /* CanOpenURL.swift in Sources */,
				CDF09C9F2291670600BD7B10 /* CanOpenNavigationApps.swift in Sources */,
				CDF09C7A22914E5600BD7B10 /* NavigationMapsManager.swift in Sources */,
				CDF09C99229166BF00BD7B10 /* Presentable.swift in Sources */,
				CDF09C962291590F00BD7B10 /* NavigationAppEnum.swift in Sources */,
				CDF09C7B22914E5600BD7B10 /* NavigationMapsManagerProvider.swift in Sources */,
			);
			runOnlyForDeploymentPostprocessing = 0;
		};
		CDF09C6322914D8600BD7B10 /* Sources */ = {
			isa = PBXSourcesBuildPhase;
			buildActionMask = 2147483647;
			files = (
				CDF09CAB22916C3000BD7B10 /* MockCanOpenAllURL.swift in Sources */,
				CDF09CB2229173A200BD7B10 /* OpenSpecificAppTests.swift in Sources */,
				CDF09CA6229168EE00BD7B10 /* CanOpenNavigationAppsTests.swift in Sources */,
				CDF09CA9229169D500BD7B10 /* CoreLocationStubs.swift in Sources */,
				CDF09CAD2291704F00BD7B10 /* MockCanOpenNoURL.swift in Sources */,
				CDF09CA42291688D00BD7B10 /* MockPresentMethodViewController.swift in Sources */,
			);
			runOnlyForDeploymentPostprocessing = 0;
		};
/* End PBXSourcesBuildPhase section */

/* Begin PBXTargetDependency section */
		CDF09C6A22914D8600BD7B10 /* PBXTargetDependency */ = {
			isa = PBXTargetDependency;
			target = CDF09C5D22914D8600BD7B10 /* NavigationAppsManager */;
			targetProxy = CDF09C6922914D8600BD7B10 /* PBXContainerItemProxy */;
		};
/* End PBXTargetDependency section */

/* Begin XCBuildConfiguration section */
		CDF09C7022914D8600BD7B10 /* Debug */ = {
			isa = XCBuildConfiguration;
			buildSettings = {
				ALWAYS_SEARCH_USER_PATHS = NO;
				CLANG_ANALYZER_NONNULL = YES;
				CLANG_ANALYZER_NUMBER_OBJECT_CONVERSION = YES_AGGRESSIVE;
				CLANG_CXX_LANGUAGE_STANDARD = "gnu++14";
				CLANG_CXX_LIBRARY = "libc++";
				CLANG_ENABLE_MODULES = YES;
				CLANG_ENABLE_OBJC_ARC = YES;
				CLANG_ENABLE_OBJC_WEAK = YES;
				CLANG_WARN_BLOCK_CAPTURE_AUTORELEASING = YES;
				CLANG_WARN_BOOL_CONVERSION = YES;
				CLANG_WARN_COMMA = YES;
				CLANG_WARN_CONSTANT_CONVERSION = YES;
				CLANG_WARN_DEPRECATED_OBJC_IMPLEMENTATIONS = YES;
				CLANG_WARN_DIRECT_OBJC_ISA_USAGE = YES_ERROR;
				CLANG_WARN_DOCUMENTATION_COMMENTS = YES;
				CLANG_WARN_EMPTY_BODY = YES;
				CLANG_WARN_ENUM_CONVERSION = YES;
				CLANG_WARN_INFINITE_RECURSION = YES;
				CLANG_WARN_INT_CONVERSION = YES;
				CLANG_WARN_NON_LITERAL_NULL_CONVERSION = YES;
				CLANG_WARN_OBJC_IMPLICIT_RETAIN_SELF = YES;
				CLANG_WARN_OBJC_LITERAL_CONVERSION = YES;
				CLANG_WARN_OBJC_ROOT_CLASS = YES_ERROR;
				CLANG_WARN_RANGE_LOOP_ANALYSIS = YES;
				CLANG_WARN_STRICT_PROTOTYPES = YES;
				CLANG_WARN_SUSPICIOUS_MOVE = YES;
				CLANG_WARN_UNGUARDED_AVAILABILITY = YES_AGGRESSIVE;
				CLANG_WARN_UNREACHABLE_CODE = YES;
				CLANG_WARN__DUPLICATE_METHOD_MATCH = YES;
				CODE_SIGN_IDENTITY = "iPhone Developer";
				COPY_PHASE_STRIP = NO;
				CURRENT_PROJECT_VERSION = 1;
				DEBUG_INFORMATION_FORMAT = dwarf;
				ENABLE_STRICT_OBJC_MSGSEND = YES;
				ENABLE_TESTABILITY = YES;
				GCC_C_LANGUAGE_STANDARD = gnu11;
				GCC_DYNAMIC_NO_PIC = NO;
				GCC_NO_COMMON_BLOCKS = YES;
				GCC_OPTIMIZATION_LEVEL = 0;
				GCC_PREPROCESSOR_DEFINITIONS = (
					"DEBUG=1",
					"$(inherited)",
				);
				GCC_WARN_64_TO_32_BIT_CONVERSION = YES;
				GCC_WARN_ABOUT_RETURN_TYPE = YES_ERROR;
				GCC_WARN_UNDECLARED_SELECTOR = YES;
				GCC_WARN_UNINITIALIZED_AUTOS = YES_AGGRESSIVE;
				GCC_WARN_UNUSED_FUNCTION = YES;
				GCC_WARN_UNUSED_VARIABLE = YES;
				IPHONEOS_DEPLOYMENT_TARGET = 12.2;
				MTL_ENABLE_DEBUG_INFO = INCLUDE_SOURCE;
				MTL_FAST_MATH = YES;
				ONLY_ACTIVE_ARCH = YES;
				SDKROOT = iphoneos;
				SWIFT_ACTIVE_COMPILATION_CONDITIONS = DEBUG;
				SWIFT_OPTIMIZATION_LEVEL = "-Onone";
				VERSIONING_SYSTEM = "apple-generic";
				VERSION_INFO_PREFIX = "";
			};
			name = Debug;
		};
		CDF09C7122914D8600BD7B10 /* Release */ = {
			isa = XCBuildConfiguration;
			buildSettings = {
				ALWAYS_SEARCH_USER_PATHS = NO;
				CLANG_ANALYZER_NONNULL = YES;
				CLANG_ANALYZER_NUMBER_OBJECT_CONVERSION = YES_AGGRESSIVE;
				CLANG_CXX_LANGUAGE_STANDARD = "gnu++14";
				CLANG_CXX_LIBRARY = "libc++";
				CLANG_ENABLE_MODULES = YES;
				CLANG_ENABLE_OBJC_ARC = YES;
				CLANG_ENABLE_OBJC_WEAK = YES;
				CLANG_WARN_BLOCK_CAPTURE_AUTORELEASING = YES;
				CLANG_WARN_BOOL_CONVERSION = YES;
				CLANG_WARN_COMMA = YES;
				CLANG_WARN_CONSTANT_CONVERSION = YES;
				CLANG_WARN_DEPRECATED_OBJC_IMPLEMENTATIONS = YES;
				CLANG_WARN_DIRECT_OBJC_ISA_USAGE = YES_ERROR;
				CLANG_WARN_DOCUMENTATION_COMMENTS = YES;
				CLANG_WARN_EMPTY_BODY = YES;
				CLANG_WARN_ENUM_CONVERSION = YES;
				CLANG_WARN_INFINITE_RECURSION = YES;
				CLANG_WARN_INT_CONVERSION = YES;
				CLANG_WARN_NON_LITERAL_NULL_CONVERSION = YES;
				CLANG_WARN_OBJC_IMPLICIT_RETAIN_SELF = YES;
				CLANG_WARN_OBJC_LITERAL_CONVERSION = YES;
				CLANG_WARN_OBJC_ROOT_CLASS = YES_ERROR;
				CLANG_WARN_RANGE_LOOP_ANALYSIS = YES;
				CLANG_WARN_STRICT_PROTOTYPES = YES;
				CLANG_WARN_SUSPICIOUS_MOVE = YES;
				CLANG_WARN_UNGUARDED_AVAILABILITY = YES_AGGRESSIVE;
				CLANG_WARN_UNREACHABLE_CODE = YES;
				CLANG_WARN__DUPLICATE_METHOD_MATCH = YES;
				CODE_SIGN_IDENTITY = "iPhone Developer";
				COPY_PHASE_STRIP = NO;
				CURRENT_PROJECT_VERSION = 1;
				DEBUG_INFORMATION_FORMAT = "dwarf-with-dsym";
				ENABLE_NS_ASSERTIONS = NO;
				ENABLE_STRICT_OBJC_MSGSEND = YES;
				GCC_C_LANGUAGE_STANDARD = gnu11;
				GCC_NO_COMMON_BLOCKS = YES;
				GCC_WARN_64_TO_32_BIT_CONVERSION = YES;
				GCC_WARN_ABOUT_RETURN_TYPE = YES_ERROR;
				GCC_WARN_UNDECLARED_SELECTOR = YES;
				GCC_WARN_UNINITIALIZED_AUTOS = YES_AGGRESSIVE;
				GCC_WARN_UNUSED_FUNCTION = YES;
				GCC_WARN_UNUSED_VARIABLE = YES;
				IPHONEOS_DEPLOYMENT_TARGET = 12.2;
				MTL_ENABLE_DEBUG_INFO = NO;
				MTL_FAST_MATH = YES;
				SDKROOT = iphoneos;
				SWIFT_COMPILATION_MODE = wholemodule;
				SWIFT_OPTIMIZATION_LEVEL = "-O";
				VALIDATE_PRODUCT = YES;
				VERSIONING_SYSTEM = "apple-generic";
				VERSION_INFO_PREFIX = "";
			};
			name = Release;
		};
		CDF09C7322914D8600BD7B10 /* Debug */ = {
			isa = XCBuildConfiguration;
			buildSettings = {
				CLANG_ENABLE_MODULES = YES;
				CODE_SIGN_IDENTITY = "";
				CODE_SIGN_STYLE = Automatic;
				DEFINES_MODULE = YES;
				DEVELOPMENT_TEAM = 32585VU7YG;
				DYLIB_COMPATIBILITY_VERSION = 1;
				DYLIB_CURRENT_VERSION = 1;
				DYLIB_INSTALL_NAME_BASE = "@rpath";
				INFOPLIST_FILE = NavigationAppsManager/Info.plist;
				INSTALL_PATH = "$(LOCAL_LIBRARY_DIR)/Frameworks";
				IPHONEOS_DEPLOYMENT_TARGET = 10.0;
				LD_RUNPATH_SEARCH_PATHS = (
					"$(inherited)",
					"@executable_path/Frameworks",
					"@loader_path/Frameworks",
				);
				PRODUCT_BUNDLE_IDENTIFIER = com.ihome.NavigationAppsManager;
				PRODUCT_NAME = "$(TARGET_NAME:c99extidentifier)";
				SKIP_INSTALL = YES;
				SWIFT_OPTIMIZATION_LEVEL = "-Onone";
				SWIFT_VERSION = 5.0;
				TARGETED_DEVICE_FAMILY = "1,2";
			};
			name = Debug;
		};
		CDF09C7422914D8600BD7B10 /* Release */ = {
			isa = XCBuildConfiguration;
			buildSettings = {
				CLANG_ENABLE_MODULES = YES;
				CODE_SIGN_IDENTITY = "";
				CODE_SIGN_STYLE = Automatic;
				DEFINES_MODULE = YES;
				DEVELOPMENT_TEAM = 32585VU7YG;
				DYLIB_COMPATIBILITY_VERSION = 1;
				DYLIB_CURRENT_VERSION = 1;
				DYLIB_INSTALL_NAME_BASE = "@rpath";
				INFOPLIST_FILE = NavigationAppsManager/Info.plist;
				INSTALL_PATH = "$(LOCAL_LIBRARY_DIR)/Frameworks";
				IPHONEOS_DEPLOYMENT_TARGET = 10.0;
				LD_RUNPATH_SEARCH_PATHS = (
					"$(inherited)",
					"@executable_path/Frameworks",
					"@loader_path/Frameworks",
				);
				PRODUCT_BUNDLE_IDENTIFIER = com.ihome.NavigationAppsManager;
				PRODUCT_NAME = "$(TARGET_NAME:c99extidentifier)";
				SKIP_INSTALL = YES;
				SWIFT_VERSION = 5.0;
				TARGETED_DEVICE_FAMILY = "1,2";
			};
			name = Release;
		};
		CDF09C7622914D8600BD7B10 /* Debug */ = {
			isa = XCBuildConfiguration;
			buildSettings = {
				ALWAYS_EMBED_SWIFT_STANDARD_LIBRARIES = YES;
				CODE_SIGN_STYLE = Automatic;
				DEVELOPMENT_TEAM = 32585VU7YG;
				INFOPLIST_FILE = NavigationAppsManagerTests/Info.plist;
				LD_RUNPATH_SEARCH_PATHS = (
					"$(inherited)",
					"@executable_path/Frameworks",
					"@loader_path/Frameworks",
				);
				PRODUCT_BUNDLE_IDENTIFIER = com.ihome.NavigationAppsManagerTests;
				PRODUCT_NAME = "$(TARGET_NAME)";
				SWIFT_VERSION = 5.0;
				TARGETED_DEVICE_FAMILY = "1,2";
			};
			name = Debug;
		};
		CDF09C7722914D8600BD7B10 /* Release */ = {
			isa = XCBuildConfiguration;
			buildSettings = {
				ALWAYS_EMBED_SWIFT_STANDARD_LIBRARIES = YES;
				CODE_SIGN_STYLE = Automatic;
				DEVELOPMENT_TEAM = 32585VU7YG;
				INFOPLIST_FILE = NavigationAppsManagerTests/Info.plist;
				LD_RUNPATH_SEARCH_PATHS = (
					"$(inherited)",
					"@executable_path/Frameworks",
					"@loader_path/Frameworks",
				);
				PRODUCT_BUNDLE_IDENTIFIER = com.ihome.NavigationAppsManagerTests;
				PRODUCT_NAME = "$(TARGET_NAME)";
				SWIFT_VERSION = 5.0;
				TARGETED_DEVICE_FAMILY = "1,2";
			};
			name = Release;
		};
/* End XCBuildConfiguration section */

/* Begin XCConfigurationList section */
		CDF09C5822914D8600BD7B10 /* Build configuration list for PBXProject "NavigationAppsManager" */ = {
			isa = XCConfigurationList;
			buildConfigurations = (
				CDF09C7022914D8600BD7B10 /* Debug */,
				CDF09C7122914D8600BD7B10 /* Release */,
			);
			defaultConfigurationIsVisible = 0;
			defaultConfigurationName = Release;
		};
		CDF09C7222914D8600BD7B10 /* Build configuration list for PBXNativeTarget "NavigationAppsManager" */ = {
			isa = XCConfigurationList;
			buildConfigurations = (
				CDF09C7322914D8600BD7B10 /* Debug */,
				CDF09C7422914D8600BD7B10 /* Release */,
			);
			defaultConfigurationIsVisible = 0;
			defaultConfigurationName = Release;
		};
		CDF09C7522914D8600BD7B10 /* Build configuration list for PBXNativeTarget "NavigationAppsManagerTests" */ = {
			isa = XCConfigurationList;
			buildConfigurations = (
				CDF09C7622914D8600BD7B10 /* Debug */,
				CDF09C7722914D8600BD7B10 /* Release */,
			);
			defaultConfigurationIsVisible = 0;
			defaultConfigurationName = Release;
		};
/* End XCConfigurationList section */
	};
	rootObject = CDF09C5522914D8600BD7B10 /* Project object */;
}
